
Microsoft Visual Studio Solution File, Format Version 12.00
# Visual Studio Version 16
VisualStudioVersion = 16.0.30011.22
MinimumVisualStudioVersion = 10.0.40219.1
Project("{9A19103F-16F7-4668-BE54-9A1E7A4F7556}") = "Administration.Test", "src\Administration.Test\Administration.Test.csproj", "{4AA9B408-C8DE-4E22-A273-6C119C846E45}"
EndProject
Project("{9A19103F-16F7-4668-BE54-9A1E7A4F7556}") = "Administration.Web", "src\Administration.Web\Administration.Web.csproj", "{3DA4DA2C-DA31-4F49-8EFA-A267A2F060C1}"
EndProject
Global
	GlobalSection(SolutionConfigurationPlatforms) = preSolution
		Debug|Any CPU = Debug|Any CPU
		Release|Any CPU = Release|Any CPU
	EndGlobalSection
	GlobalSection(ProjectConfigurationPlatforms) = postSolution
		{4AA9B408-C8DE-4E22-A273-6C119C846E45}.Debug|Any CPU.ActiveCfg = Debug|Any CPU
		{4AA9B408-C8DE-4E22-A273-6C119C846E45}.Debug|Any CPU.Build.0 = Debug|Any CPU
		{4AA9B408-C8DE-4E22-A273-6C119C846E45}.Release|Any CPU.ActiveCfg = Release|Any CPU
		{4AA9B408-C8DE-4E22-A273-6C119C846E45}.Release|Any CPU.Build.0 = Release|Any CPU
		{3DA4DA2C-DA31-4F49-8EFA-A267A2F060C1}.Debug|Any CPU.ActiveCfg = Debug|Any CPU
		{3DA4DA2C-DA31-4F49-8EFA-A267A2F060C1}.Debug|Any CPU.Build.0 = Debug|Any CPU
		{3DA4DA2C-DA31-4F49-8EFA-A267A2F060C1}.Release|Any CPU.ActiveCfg = Release|Any CPU
		{3DA4DA2C-DA31-4F49-8EFA-A267A2F060C1}.Release|Any CPU.Build.0 = Release|Any CPU
	EndGlobalSection
	GlobalSection(SolutionProperties) = preSolution
		HideSolutionNode = FALSE
	EndGlobalSection
	GlobalSection(ExtensibilityGlobals) = postSolution
		SolutionGuid = {28D7063D-D199-4582-B0F0-D8EC3F62CA54}
	EndGlobalSection
EndGlobal
